
Microsoft Visual Studio Solution File, Format Version 12.00
# Visual Studio 2013
VisualStudioVersion = 12.0.21005.1
MinimumVisualStudioVersion = 10.0.40219.1
Project("{FAE04EC0-301F-11D3-BF4B-00C04F79EFBC}") = "Sitecore.Base.Site", "SitecoreBase\Sitecore.Base.Site\Sitecore.Base.Site.csproj", "{46681031-36FE-4170-90EE-0107CE9D7AB6}"
EndProject
Project("{CAA73BB0-EF22-4D79-A57E-DF67B3BA9C80}") = "Sitecore.Base.Items", "SitecoreBase\Sitecore.Base.Items\Sitecore.Base.Items.scproj", "{2671F219-C253-4185-B8C2-B6989BF3F069}"
EndProject
Global
	GlobalSection(TeamFoundationVersionControl) = preSolution
		SccNumberOfProjects = 3
		SccEnterpriseProvider = {4CA58AB2-18FA-4F8D-95D4-32DDF27D184C}
		SccTeamFoundationServer = http://lt-aln1dk1:8080/tfs/defaultcollection
		SccLocalPath0 = .
		SccProjectUniqueName1 = SitecoreBase\\Sitecore.Base.Site\\Sitecore.Base.Site.csproj
		SccProjectName1 = SitecoreBase/Sitecore.Base.Site
		SccLocalPath1 = SitecoreBase\\Sitecore.Base.Site
		SccProjectUniqueName2 = SitecoreBase\\Sitecore.Base.Items\\Sitecore.Base.Items.scproj
		SccProjectName2 = SitecoreBase/Sitecore.Base.Items
		SccLocalPath2 = SitecoreBase\\Sitecore.Base.Items
	EndGlobalSection
	GlobalSection(SolutionConfigurationPlatforms) = preSolution
		Debug|Any CPU = Debug|Any CPU
		Release|Any CPU = Release|Any CPU
	EndGlobalSection
	GlobalSection(ProjectConfigurationPlatforms) = postSolution
		{46681031-36FE-4170-90EE-0107CE9D7AB6}.Debug|Any CPU.ActiveCfg = Debug|Any CPU
		{46681031-36FE-4170-90EE-0107CE9D7AB6}.Debug|Any CPU.Build.0 = Debug|Any CPU
		{46681031-36FE-4170-90EE-0107CE9D7AB6}.Release|Any CPU.ActiveCfg = Release|Any CPU
		{46681031-36FE-4170-90EE-0107CE9D7AB6}.Release|Any CPU.Build.0 = Release|Any CPU
		{2671F219-C253-4185-B8C2-B6989BF3F069}.Debug|Any CPU.ActiveCfg = Debug|Any CPU
		{2671F219-C253-4185-B8C2-B6989BF3F069}.Debug|Any CPU.Build.0 = Debug|Any CPU
		{2671F219-C253-4185-B8C2-B6989BF3F069}.Debug|Any CPU.Deploy.0 = Debug|Any CPU
		{2671F219-C253-4185-B8C2-B6989BF3F069}.Release|Any CPU.ActiveCfg = Release|Any CPU
		{2671F219-C253-4185-B8C2-B6989BF3F069}.Release|Any CPU.Build.0 = Release|Any CPU
		{2671F219-C253-4185-B8C2-B6989BF3F069}.Release|Any CPU.Deploy.0 = Release|Any CPU
	EndGlobalSection
	GlobalSection(SolutionProperties) = preSolution
		HideSolutionNode = FALSE
	EndGlobalSection
EndGlobal
